
Microsoft Visual Studio Solution File, Format Version 12.00
# Visual Studio Version 16
VisualStudioVersion = 16.0.30611.23
MinimumVisualStudioVersion = 10.0.40219.1
Project("{8BC9CEB8-8B4A-11D0-8D11-00A0C91BC942}") = "Flattening", "Flattening\Flattening.vcxproj", "{660193F7-3F71-440B-AD1A-8545D1DE5BBE}"
EndProject
Global
	GlobalSection(SolutionConfigurationPlatforms) = preSolution
		Debug|x64 = Debug|x64
		Debug|x86 = Debug|x86
		Release|x64 = Release|x64
		Release|x86 = Release|x86
	EndGlobalSection
	GlobalSection(ProjectConfigurationPlatforms) = postSolution
		{660193F7-3F71-440B-AD1A-8545D1DE5BBE}.Debug|x64.ActiveCfg = Debug|x64
		{660193F7-3F71-440B-AD1A-8545D1DE5BBE}.Debug|x64.Build.0 = Debug|x64
		{660193F7-3F71-440B-AD1A-8545D1DE5BBE}.Debug|x86.ActiveCfg = Debug|Win32
		{660193F7-3F71-440B-AD1A-8545D1DE5BBE}.Debug|x86.Build.0 = Debug|Win32
		{660193F7-3F71-440B-AD1A-8545D1DE5BBE}.Release|x64.ActiveCfg = Release|x64
		{660193F7-3F71-440B-AD1A-8545D1DE5BBE}.Release|x64.Build.0 = Release|x64
		{660193F7-3F71-440B-AD1A-8545D1DE5BBE}.Release|x86.ActiveCfg = Release|Win32
		{660193F7-3F71-440B-AD1A-8545D1DE5BBE}.Release|x86.Build.0 = Release|Win32
	EndGlobalSection
	GlobalSection(SolutionProperties) = preSolution
		HideSolutionNode = FALSE
	EndGlobalSection
	GlobalSection(ExtensibilityGlobals) = postSolution
		SolutionGuid = {8D3CC811-0DEB-4C8C-A022-E35508B186DC}
	EndGlobalSection
EndGlobal
